# Fully pinned Linux CPython 3.10 development/CI constraints generated from requirements-dev.in.
# Artifact hashes are intentionally omitted because a cross-platform hash set was
# not generated on Windows. CI installs these exact versions as constraints.
# Regenerate from backend/: uv pip compile requirements-dev.in --output-file requirements-dev.lock
#   --python-version 3.10 --python-platform x86_64-unknown-linux-gnu --no-strip-markers
alembic==1.20.0
    # via -r requirements.in
annotated-doc==0.0.5
    # via fastapi
annotated-types==0.8.0
    # via pydantic
anyio==4.15.1
    # via
    #   httpx
    #   httpx2
    #   starlette
    #   watchfiles
async-timeout==5.0.1 ; python_full_version < '3.11.3'
    # via redis
backports-asyncio-runner==1.2.0 ; python_full_version < '3.11'
    # via pytest-asyncio
bcrypt==5.0.0
    # via -r requirements.in
certifi==2026.7.22
    # via
    #   httpcore
    #   httpx
cffi==2.1.1 ; platform_python_implementation != 'PyPy'
    # via cryptography
click==8.5.0
    # via uvicorn
coverage==7.16.0
    # via pytest-cov
cryptography==50.0.1
    # via -r requirements.in
exceptiongroup==1.3.1 ; python_full_version < '3.11'
    # via
    #   anyio
    #   pytest
fastapi==0.141.1
    # via -r requirements.in
greenlet==3.2.5
    # via
    #   -r requirements.in
    #   sqlalchemy
h11==0.16.0
    # via
    #   httpcore
    #   httpcore2
    #   uvicorn
httpcore==1.0.9
    # via httpx
httpcore2==2.12.0 ; sys_platform != 'emscripten'
    # via httpx2
httptools==0.6.4
    # via
    #   -r requirements.in
    #   uvicorn
httpx==0.28.1
    # via -r requirements.in
httpx2==2.12.0
    # via -r requirements-dev.in
idna==3.19
    # via
    #   anyio
    #   httpx
    #   httpx2
iniconfig==2.3.0
    # via pytest
librt==0.15.0 ; platform_python_implementation != 'PyPy'
    # via mypy
mako==1.4.1
    # via alembic
markupsafe==3.0.3
    # via mako
mypy==1.20.2
    # via -r requirements-dev.in
mypy-extensions==1.1.0
    # via mypy
packaging==26.3
    # via pytest
pathspec==1.1.1
    # via mypy
pluggy==1.6.0
    # via
    #   pytest
    #   pytest-cov
pycparser==3.0 ; implementation_name != 'PyPy' and platform_python_implementation != 'PyPy'
    # via cffi
pydantic==2.13.5
    # via
    #   -r requirements.in
    #   fastapi
pydantic-core==2.46.5
    # via pydantic
pygments==2.21.0
    # via pytest
pymysql==1.2.0
    # via -r requirements.in
pytest==9.1.1
    # via
    #   -r requirements-dev.in
    #   pytest-asyncio
    #   pytest-cov
pytest-asyncio==1.4.0
    # via -r requirements-dev.in
pytest-cov==7.1.0
    # via -r requirements-dev.in
python-dotenv==1.2.3
    # via
    #   -r requirements.in
    #   uvicorn
pyyaml==6.0.3
    # via uvicorn
redis==8.1.0
    # via -r requirements.in
ruff==0.16.7
    # via -r requirements-dev.in
sqlalchemy==2.0.52
    # via
    #   -r requirements.in
    #   alembic
starlette==1.6.0
    # via fastapi
tomli==2.4.1 ; python_full_version <= '3.11'
    # via
    #   alembic
    #   coverage
    #   mypy
    #   pytest
truststore==0.10.4 ; sys_platform != 'emscripten'
    # via
    #   httpcore2
    #   httpx2
typing-extensions==4.16.0
    # via
    #   alembic
    #   anyio
    #   cryptography
    #   exceptiongroup
    #   fastapi
    #   httpx2
    #   mypy
    #   pydantic
    #   pydantic-core
    #   pytest-asyncio
    #   sqlalchemy
    #   starlette
    #   typing-inspection
    #   uvicorn
typing-inspection==0.4.4
    # via
    #   fastapi
    #   pydantic
uvicorn==0.48.0
    # via -r requirements.in
uvloop==0.22.1 ; platform_python_implementation != 'PyPy' and sys_platform != 'cygwin' and sys_platform != 'win32'
    # via uvicorn
watchfiles==1.2.0
    # via uvicorn
websockets==16.1.1
    # via uvicorn
